
Microsoft Visual Studio Solution File, Format Version 12.00
# Visual Studio Version 17
VisualStudioVersion = 17.3.32811.315
MinimumVisualStudioVersion = 10.0.40219.1
Project("{FAE04EC0-301F-11D3-BF4B-00C04F79EFBC}") = "DemoProject", "DemoProject\DemoProject.csproj", "{5E666BD3-1E05-4DED-ACFE-FB992AA00FFC}"
EndProject
Global
	GlobalSection(SolutionConfigurationPlatforms) = preSolution
		Debug|Any CPU = Debug|Any CPU
		Release|Any CPU = Release|Any CPU
	EndGlobalSection
	GlobalSection(ProjectConfigurationPlatforms) = postSolution
		{5E666BD3-1E05-4DED-ACFE-FB992AA00FFC}.Debug|Any CPU.ActiveCfg = Debug|Any CPU
		{5E666BD3-1E05-4DED-ACFE-FB992AA00FFC}.Debug|Any CPU.Build.0 = Debug|Any CPU
		{5E666BD3-1E05-4DED-ACFE-FB992AA00FFC}.Release|Any CPU.ActiveCfg = Release|Any CPU
		{5E666BD3-1E05-4DED-ACFE-FB992AA00FFC}.Release|Any CPU.Build.0 = Release|Any CPU
	EndGlobalSection
	GlobalSection(SolutionProperties) = preSolution
		HideSolutionNode = FALSE
	EndGlobalSection
	GlobalSection(ExtensibilityGlobals) = postSolution
		SolutionGuid = {C69C8023-C778-4B6B-A6D9-C34C74F62F08}
	EndGlobalSection
EndGlobal
