
Microsoft Visual Studio Solution File, Format Version 12.00
# Visual Studio Version 17
VisualStudioVersion = 17.3.32811.315
MinimumVisualStudioVersion = 10.0.40219.1
Project("{FAE04EC0-301F-11D3-BF4B-00C04F79EFBC}") = "ModeloAnemico1", "ModeloAnemico1\ModeloAnemico1.csproj", "{FB8F5F77-54EA-49A8-9DFA-E58239CC9845}"
EndProject
Global
	GlobalSection(SolutionConfigurationPlatforms) = preSolution
		Debug|Any CPU = Debug|Any CPU
		Release|Any CPU = Release|Any CPU
	EndGlobalSection
	GlobalSection(ProjectConfigurationPlatforms) = postSolution
		{FB8F5F77-54EA-49A8-9DFA-E58239CC9845}.Debug|Any CPU.ActiveCfg = Debug|Any CPU
		{FB8F5F77-54EA-49A8-9DFA-E58239CC9845}.Debug|Any CPU.Build.0 = Debug|Any CPU
		{FB8F5F77-54EA-49A8-9DFA-E58239CC9845}.Release|Any CPU.ActiveCfg = Release|Any CPU
		{FB8F5F77-54EA-49A8-9DFA-E58239CC9845}.Release|Any CPU.Build.0 = Release|Any CPU
	EndGlobalSection
	GlobalSection(SolutionProperties) = preSolution
		HideSolutionNode = FALSE
	EndGlobalSection
	GlobalSection(ExtensibilityGlobals) = postSolution
		SolutionGuid = {A19F7D0B-5E02-43A3-AF4F-8C426A128B93}
	EndGlobalSection
EndGlobal
